
Microsoft Visual Studio Solution File, Format Version 12.00
# Visual Studio 15
VisualStudioVersion = 15.0.26430.12
MinimumVisualStudioVersion = 10.0.40219.1
Project("{2150E333-8FDC-42A3-9474-1A3956D46DE8}") = "src", "src", "{CE71C81D-9B1B-4079-9742-8967122D5148}"
EndProject
Project("{2150E333-8FDC-42A3-9474-1A3956D46DE8}") = "Solution Items", "Solution Items", "{893BB993-FB46-4BCE-A233-AC5B4F078B8F}"
EndProject
Project("{2150E333-8FDC-42A3-9474-1A3956D46DE8}") = "Third", "Third", "{9F410AEB-1A5F-4BB5-9983-C3796939CBD3}"
EndProject
Project("{2150E333-8FDC-42A3-9474-1A3956D46DE8}") = "Test", "Test", "{97A33476-AEFA-4CAB-A103-77975D96E221}"
EndProject
Project("{9A19103F-16F7-4668-BE54-9A1E7A4F7556}") = "MyCoreLib.Common", "src\MyCoreLib.Common\MyCoreLib.Common.csproj", "{2136B05D-C312-4E22-8594-0D67DAE3B707}"
EndProject
Project("{9A19103F-16F7-4668-BE54-9A1E7A4F7556}") = "MyCoreLib.BaseWeb", "src\MyCoreLib.BaseWeb\MyCoreLib.BaseWeb.csproj", "{52B5F16C-C2D2-4069-B38C-04CB19D6F43D}"
EndProject
Project("{9A19103F-16F7-4668-BE54-9A1E7A4F7556}") = "MyCoreLib.BaseData", "src\MyCoreLib.BaseData\MyCoreLib.BaseData.csproj", "{4D2CF047-D4E2-466B-A4EB-5172A5EDBC04}"
EndProject
Project("{9A19103F-16F7-4668-BE54-9A1E7A4F7556}") = "MyCoreLib.BaseCache", "src\MyCoreLib.BaseCache\MyCoreLib.BaseCache.csproj", "{DD9ED38D-2B5C-4AC5-9971-4AC7B2ED9878}"
EndProject
Project("{9A19103F-16F7-4668-BE54-9A1E7A4F7556}") = "MyCoreLib.BaseIoC", "src\MyCoreLib.BaseIoC\MyCoreLib.BaseIoC.csproj", "{FDB827C5-1820-4661-A9D1-5CB88BFF0EF1}"
EndProject
Project("{9A19103F-16F7-4668-BE54-9A1E7A4F7556}") = "MyCoreLib.BaseLog", "src\MyCoreLib.BaseLog\MyCoreLib.BaseLog.csproj", "{02171526-3A5F-4614-A15D-97F511A1B6E3}"
EndProject
Project("{9A19103F-16F7-4668-BE54-9A1E7A4F7556}") = "MyCoreLib.BaseMail", "src\MyCoreLib.BaseMail\MyCoreLib.BaseMail.csproj", "{A101E612-3A60-40B4-990D-CDCDB07545DF}"
EndProject
Project("{9A19103F-16F7-4668-BE54-9A1E7A4F7556}") = "MyCoreLib.BaseMessage", "src\MyCoreLib.BaseMessage\MyCoreLib.BaseMessage.csproj", "{5FB6623F-3473-4E2F-AD83-F9AF04A35DA0}"
EndProject
Project("{9A19103F-16F7-4668-BE54-9A1E7A4F7556}") = "MyCoreLib.BaseModel", "src\MyCoreLib.BaseModel\MyCoreLib.BaseModel.csproj", "{55353241-69B0-4448-9CAC-3C1C01C67183}"
EndProject
Project("{9A19103F-16F7-4668-BE54-9A1E7A4F7556}") = "MyCoreLib.BaseMVC", "src\MyCoreLib.BaseMVC\MyCoreLib.BaseMVC.csproj", "{4239D4B1-19CA-45F3-9008-110EB6F937E9}"
EndProject
Project("{9A19103F-16F7-4668-BE54-9A1E7A4F7556}") = "MyCoreLib.BasePay", "src\MyCoreLib.BasePay\MyCoreLib.BasePay.csproj", "{51AB6690-B8B2-46C5-8CE4-53622EBE7833}"
EndProject
Project("{9A19103F-16F7-4668-BE54-9A1E7A4F7556}") = "MyCoreLib.BasePush", "src\MyCoreLib.BasePush\MyCoreLib.BasePush.csproj", "{1031E765-7532-490D-AB6A-0379EBB83D6A}"
EndProject
Project("{9A19103F-16F7-4668-BE54-9A1E7A4F7556}") = "MyCoreLib.BaseSMS", "src\MyCoreLib.BaseSMS\MyCoreLib.BaseSMS.csproj", "{CFBF8065-6EA0-4562-B372-2C6B469ABEFC}"
EndProject
Project("{9A19103F-16F7-4668-BE54-9A1E7A4F7556}") = "MyCoreLib.BaseUnitTest", "src\MyCoreLib.BaseUnitTest\MyCoreLib.BaseUnitTest.csproj", "{E29C8969-BBE7-4DA6-8E3D-1EC861A8F989}"
EndProject
Project("{9A19103F-16F7-4668-BE54-9A1E7A4F7556}") = "MyCoreLib.BaseAsync", "src\MyCoreLib.BaseAsync\MyCoreLib.BaseAsync.csproj", "{AA2E4D62-2273-4DC3-A088-A8D43E791321}"
EndProject
Project("{9A19103F-16F7-4668-BE54-9A1E7A4F7556}") = "MyCoreLib.BaseSocket", "src\MyCoreLib.BaseSocket\MyCoreLib.BaseSocket.csproj", "{640600ED-C275-4099-A8B1-9FF59AD9E227}"
EndProject
Project("{9A19103F-16F7-4668-BE54-9A1E7A4F7556}") = "MyCoreLib.BaseNet", "src\MyCoreLib.BaseNet\MyCoreLib.BaseNet.csproj", "{0BED08D5-C158-4404-9718-E72487906455}"
EndProject
Project("{9A19103F-16F7-4668-BE54-9A1E7A4F7556}") = "MyCoreLib.BaseAop", "src\MyCoreLib.BaseAOP\MyCoreLib.BaseAop.csproj", "{E9324A8A-514B-4753-856D-7DB001D4E095}"
EndProject
Project("{9A19103F-16F7-4668-BE54-9A1E7A4F7556}") = "MyCoreLib.BaseIoEIoT", "src\MyCoreLib.BaseIoEIoT\MyCoreLib.BaseIoEIoT.csproj", "{26AC7AF4-6013-4AD7-87F7-BD71D8AED2E4}"
EndProject
Project("{9A19103F-16F7-4668-BE54-9A1E7A4F7556}") = "MyCoreLib.AliSDK", "src\Third\MyCoreLib.AliSDK\MyCoreLib.AliSDK.csproj", "{71692131-9D9B-4E2A-B544-638A4FC81A86}"
EndProject
Project("{9A19103F-16F7-4668-BE54-9A1E7A4F7556}") = "MyCoreLib.WeixinSDK", "src\Third\MyCoreLib.WeixinSDK\MyCoreLib.WeixinSDK.csproj", "{F997B9D3-D4EE-4209-AFF8-B40EA8096C53}"
EndProject
Project("{9A19103F-16F7-4668-BE54-9A1E7A4F7556}") = "MyCoreLib.DataTest", "src\Test\MyCoreLib.DataTest\MyCoreLib.DataTest.csproj", "{B73E12CB-DDB6-473B-9866-E3B09E3D1AC8}"
EndProject
Project("{9A19103F-16F7-4668-BE54-9A1E7A4F7556}") = "MyCoreLib.IoCTest", "src\Test\MyCoreLib.IoCTest\MyCoreLib.IoCTest.csproj", "{DA1D8181-52FE-4E11-8C56-ADC8F38CBF85}"
EndProject
Project("{2150E333-8FDC-42A3-9474-1A3956D46DE8}") = "Databases", "Databases", "{73024585-78C3-4063-9BB4-06C2B3328633}"
EndProject
Project("{FAE04EC0-301F-11D3-BF4B-00C04F79EFBC}") = "MyCoreLib.BaseOrm", "src\MyCoreLib.BaseOrm\MyCoreLib.BaseOrm.csproj", "{BC140B9D-1670-4AFC-BC95-A709AE9A3E9F}"
EndProject
Global
	GlobalSection(SolutionConfigurationPlatforms) = preSolution
		Debug|Any CPU = Debug|Any CPU
		Release|Any CPU = Release|Any CPU
	EndGlobalSection
	GlobalSection(ProjectConfigurationPlatforms) = postSolution
		{2136B05D-C312-4E22-8594-0D67DAE3B707}.Debug|Any CPU.ActiveCfg = Debug|Any CPU
		{2136B05D-C312-4E22-8594-0D67DAE3B707}.Debug|Any CPU.Build.0 = Debug|Any CPU
		{2136B05D-C312-4E22-8594-0D67DAE3B707}.Release|Any CPU.ActiveCfg = Release|Any CPU
		{2136B05D-C312-4E22-8594-0D67DAE3B707}.Release|Any CPU.Build.0 = Release|Any CPU
		{52B5F16C-C2D2-4069-B38C-04CB19D6F43D}.Debug|Any CPU.ActiveCfg = Debug|Any CPU
		{52B5F16C-C2D2-4069-B38C-04CB19D6F43D}.Debug|Any CPU.Build.0 = Debug|Any CPU
		{52B5F16C-C2D2-4069-B38C-04CB19D6F43D}.Release|Any CPU.ActiveCfg = Release|Any CPU
		{52B5F16C-C2D2-4069-B38C-04CB19D6F43D}.Release|Any CPU.Build.0 = Release|Any CPU
		{4D2CF047-D4E2-466B-A4EB-5172A5EDBC04}.Debug|Any CPU.ActiveCfg = Debug|Any CPU
		{4D2CF047-D4E2-466B-A4EB-5172A5EDBC04}.Debug|Any CPU.Build.0 = Debug|Any CPU
		{4D2CF047-D4E2-466B-A4EB-5172A5EDBC04}.Release|Any CPU.ActiveCfg = Release|Any CPU
		{4D2CF047-D4E2-466B-A4EB-5172A5EDBC04}.Release|Any CPU.Build.0 = Release|Any CPU
		{DD9ED38D-2B5C-4AC5-9971-4AC7B2ED9878}.Debug|Any CPU.ActiveCfg = Debug|Any CPU
		{DD9ED38D-2B5C-4AC5-9971-4AC7B2ED9878}.Debug|Any CPU.Build.0 = Debug|Any CPU
		{DD9ED38D-2B5C-4AC5-9971-4AC7B2ED9878}.Release|Any CPU.ActiveCfg = Release|Any CPU
		{DD9ED38D-2B5C-4AC5-9971-4AC7B2ED9878}.Release|Any CPU.Build.0 = Release|Any CPU
		{FDB827C5-1820-4661-A9D1-5CB88BFF0EF1}.Debug|Any CPU.ActiveCfg = Debug|Any CPU
		{FDB827C5-1820-4661-A9D1-5CB88BFF0EF1}.Debug|Any CPU.Build.0 = Debug|Any CPU
		{FDB827C5-1820-4661-A9D1-5CB88BFF0EF1}.Release|Any CPU.ActiveCfg = Release|Any CPU
		{FDB827C5-1820-4661-A9D1-5CB88BFF0EF1}.Release|Any CPU.Build.0 = Release|Any CPU
		{02171526-3A5F-4614-A15D-97F511A1B6E3}.Debug|Any CPU.ActiveCfg = Debug|Any CPU
		{02171526-3A5F-4614-A15D-97F511A1B6E3}.Debug|Any CPU.Build.0 = Debug|Any CPU
		{02171526-3A5F-4614-A15D-97F511A1B6E3}.Release|Any CPU.ActiveCfg = Release|Any CPU
		{02171526-3A5F-4614-A15D-97F511A1B6E3}.Release|Any CPU.Build.0 = Release|Any CPU
		{A101E612-3A60-40B4-990D-CDCDB07545DF}.Debug|Any CPU.ActiveCfg = Debug|Any CPU
		{A101E612-3A60-40B4-990D-CDCDB07545DF}.Debug|Any CPU.Build.0 = Debug|Any CPU
		{A101E612-3A60-40B4-990D-CDCDB07545DF}.Release|Any CPU.ActiveCfg = Release|Any CPU
		{A101E612-3A60-40B4-990D-CDCDB07545DF}.Release|Any CPU.Build.0 = Release|Any CPU
		{5FB6623F-3473-4E2F-AD83-F9AF04A35DA0}.Debug|Any CPU.ActiveCfg = Debug|Any CPU
		{5FB6623F-3473-4E2F-AD83-F9AF04A35DA0}.Debug|Any CPU.Build.0 = Debug|Any CPU
		{5FB6623F-3473-4E2F-AD83-F9AF04A35DA0}.Release|Any CPU.ActiveCfg = Release|Any CPU
		{5FB6623F-3473-4E2F-AD83-F9AF04A35DA0}.Release|Any CPU.Build.0 = Release|Any CPU
		{55353241-69B0-4448-9CAC-3C1C01C67183}.Debug|Any CPU.ActiveCfg = Debug|Any CPU
		{55353241-69B0-4448-9CAC-3C1C01C67183}.Debug|Any CPU.Build.0 = Debug|Any CPU
		{55353241-69B0-4448-9CAC-3C1C01C67183}.Release|Any CPU.ActiveCfg = Release|Any CPU
		{55353241-69B0-4448-9CAC-3C1C01C67183}.Release|Any CPU.Build.0 = Release|Any CPU
		{4239D4B1-19CA-45F3-9008-110EB6F937E9}.Debug|Any CPU.ActiveCfg = Debug|Any CPU
		{4239D4B1-19CA-45F3-9008-110EB6F937E9}.Debug|Any CPU.Build.0 = Debug|Any CPU
		{4239D4B1-19CA-45F3-9008-110EB6F937E9}.Release|Any CPU.ActiveCfg = Release|Any CPU
		{4239D4B1-19CA-45F3-9008-110EB6F937E9}.Release|Any CPU.Build.0 = Release|Any CPU
		{51AB6690-B8B2-46C5-8CE4-53622EBE7833}.Debug|Any CPU.ActiveCfg = Debug|Any CPU
		{51AB6690-B8B2-46C5-8CE4-53622EBE7833}.Debug|Any CPU.Build.0 = Debug|Any CPU
		{51AB6690-B8B2-46C5-8CE4-53622EBE7833}.Release|Any CPU.ActiveCfg = Release|Any CPU
		{51AB6690-B8B2-46C5-8CE4-53622EBE7833}.Release|Any CPU.Build.0 = Release|Any CPU
		{1031E765-7532-490D-AB6A-0379EBB83D6A}.Debug|Any CPU.ActiveCfg = Debug|Any CPU
		{1031E765-7532-490D-AB6A-0379EBB83D6A}.Debug|Any CPU.Build.0 = Debug|Any CPU
		{1031E765-7532-490D-AB6A-0379EBB83D6A}.Release|Any CPU.ActiveCfg = Release|Any CPU
		{1031E765-7532-490D-AB6A-0379EBB83D6A}.Release|Any CPU.Build.0 = Release|Any CPU
		{CFBF8065-6EA0-4562-B372-2C6B469ABEFC}.Debug|Any CPU.ActiveCfg = Debug|Any CPU
		{CFBF8065-6EA0-4562-B372-2C6B469ABEFC}.Debug|Any CPU.Build.0 = Debug|Any CPU
		{CFBF8065-6EA0-4562-B372-2C6B469ABEFC}.Release|Any CPU.ActiveCfg = Release|Any CPU
		{CFBF8065-6EA0-4562-B372-2C6B469ABEFC}.Release|Any CPU.Build.0 = Release|Any CPU
		{E29C8969-BBE7-4DA6-8E3D-1EC861A8F989}.Debug|Any CPU.ActiveCfg = Debug|Any CPU
		{E29C8969-BBE7-4DA6-8E3D-1EC861A8F989}.Debug|Any CPU.Build.0 = Debug|Any CPU
		{E29C8969-BBE7-4DA6-8E3D-1EC861A8F989}.Release|Any CPU.ActiveCfg = Release|Any CPU
		{E29C8969-BBE7-4DA6-8E3D-1EC861A8F989}.Release|Any CPU.Build.0 = Release|Any CPU
		{AA2E4D62-2273-4DC3-A088-A8D43E791321}.Debug|Any CPU.ActiveCfg = Debug|Any CPU
		{AA2E4D62-2273-4DC3-A088-A8D43E791321}.Debug|Any CPU.Build.0 = Debug|Any CPU
		{AA2E4D62-2273-4DC3-A088-A8D43E791321}.Release|Any CPU.ActiveCfg = Release|Any CPU
		{AA2E4D62-2273-4DC3-A088-A8D43E791321}.Release|Any CPU.Build.0 = Release|Any CPU
		{640600ED-C275-4099-A8B1-9FF59AD9E227}.Debug|Any CPU.ActiveCfg = Debug|Any CPU
		{640600ED-C275-4099-A8B1-9FF59AD9E227}.Debug|Any CPU.Build.0 = Debug|Any CPU
		{640600ED-C275-4099-A8B1-9FF59AD9E227}.Release|Any CPU.ActiveCfg = Release|Any CPU
		{640600ED-C275-4099-A8B1-9FF59AD9E227}.Release|Any CPU.Build.0 = Release|Any CPU
		{0BED08D5-C158-4404-9718-E72487906455}.Debug|Any CPU.ActiveCfg = Debug|Any CPU
		{0BED08D5-C158-4404-9718-E72487906455}.Debug|Any CPU.Build.0 = Debug|Any CPU
		{0BED08D5-C158-4404-9718-E72487906455}.Release|Any CPU.ActiveCfg = Release|Any CPU
		{0BED08D5-C158-4404-9718-E72487906455}.Release|Any CPU.Build.0 = Release|Any CPU
		{E9324A8A-514B-4753-856D-7DB001D4E095}.Debug|Any CPU.ActiveCfg = Debug|Any CPU
		{E9324A8A-514B-4753-856D-7DB001D4E095}.Debug|Any CPU.Build.0 = Debug|Any CPU
		{E9324A8A-514B-4753-856D-7DB001D4E095}.Release|Any CPU.ActiveCfg = Release|Any CPU
		{E9324A8A-514B-4753-856D-7DB001D4E095}.Release|Any CPU.Build.0 = Release|Any CPU
		{26AC7AF4-6013-4AD7-87F7-BD71D8AED2E4}.Debug|Any CPU.ActiveCfg = Debug|Any CPU
		{26AC7AF4-6013-4AD7-87F7-BD71D8AED2E4}.Debug|Any CPU.Build.0 = Debug|Any CPU
		{26AC7AF4-6013-4AD7-87F7-BD71D8AED2E4}.Release|Any CPU.ActiveCfg = Release|Any CPU
		{26AC7AF4-6013-4AD7-87F7-BD71D8AED2E4}.Release|Any CPU.Build.0 = Release|Any CPU
		{71692131-9D9B-4E2A-B544-638A4FC81A86}.Debug|Any CPU.ActiveCfg = Debug|Any CPU
		{71692131-9D9B-4E2A-B544-638A4FC81A86}.Debug|Any CPU.Build.0 = Debug|Any CPU
		{71692131-9D9B-4E2A-B544-638A4FC81A86}.Release|Any CPU.ActiveCfg = Release|Any CPU
		{71692131-9D9B-4E2A-B544-638A4FC81A86}.Release|Any CPU.Build.0 = Release|Any CPU
		{F997B9D3-D4EE-4209-AFF8-B40EA8096C53}.Debug|Any CPU.ActiveCfg = Debug|Any CPU
		{F997B9D3-D4EE-4209-AFF8-B40EA8096C53}.Debug|Any CPU.Build.0 = Debug|Any CPU
		{F997B9D3-D4EE-4209-AFF8-B40EA8096C53}.Release|Any CPU.ActiveCfg = Release|Any CPU
		{F997B9D3-D4EE-4209-AFF8-B40EA8096C53}.Release|Any CPU.Build.0 = Release|Any CPU
		{B73E12CB-DDB6-473B-9866-E3B09E3D1AC8}.Debug|Any CPU.ActiveCfg = Debug|Any CPU
		{B73E12CB-DDB6-473B-9866-E3B09E3D1AC8}.Debug|Any CPU.Build.0 = Debug|Any CPU
		{B73E12CB-DDB6-473B-9866-E3B09E3D1AC8}.Release|Any CPU.ActiveCfg = Release|Any CPU
		{B73E12CB-DDB6-473B-9866-E3B09E3D1AC8}.Release|Any CPU.Build.0 = Release|Any CPU
		{DA1D8181-52FE-4E11-8C56-ADC8F38CBF85}.Debug|Any CPU.ActiveCfg = Debug|Any CPU
		{DA1D8181-52FE-4E11-8C56-ADC8F38CBF85}.Debug|Any CPU.Build.0 = Debug|Any CPU
		{DA1D8181-52FE-4E11-8C56-ADC8F38CBF85}.Release|Any CPU.ActiveCfg = Release|Any CPU
		{DA1D8181-52FE-4E11-8C56-ADC8F38CBF85}.Release|Any CPU.Build.0 = Release|Any CPU
		{BC140B9D-1670-4AFC-BC95-A709AE9A3E9F}.Debug|Any CPU.ActiveCfg = Debug|Any CPU
		{BC140B9D-1670-4AFC-BC95-A709AE9A3E9F}.Debug|Any CPU.Build.0 = Debug|Any CPU
		{BC140B9D-1670-4AFC-BC95-A709AE9A3E9F}.Release|Any CPU.ActiveCfg = Release|Any CPU
		{BC140B9D-1670-4AFC-BC95-A709AE9A3E9F}.Release|Any CPU.Build.0 = Release|Any CPU
	EndGlobalSection
	GlobalSection(SolutionProperties) = preSolution
		HideSolutionNode = FALSE
	EndGlobalSection
	GlobalSection(NestedProjects) = preSolution
		{9F410AEB-1A5F-4BB5-9983-C3796939CBD3} = {CE71C81D-9B1B-4079-9742-8967122D5148}
		{97A33476-AEFA-4CAB-A103-77975D96E221} = {CE71C81D-9B1B-4079-9742-8967122D5148}
		{2136B05D-C312-4E22-8594-0D67DAE3B707} = {CE71C81D-9B1B-4079-9742-8967122D5148}
		{52B5F16C-C2D2-4069-B38C-04CB19D6F43D} = {CE71C81D-9B1B-4079-9742-8967122D5148}
		{4D2CF047-D4E2-466B-A4EB-5172A5EDBC04} = {CE71C81D-9B1B-4079-9742-8967122D5148}
		{DD9ED38D-2B5C-4AC5-9971-4AC7B2ED9878} = {CE71C81D-9B1B-4079-9742-8967122D5148}
		{FDB827C5-1820-4661-A9D1-5CB88BFF0EF1} = {CE71C81D-9B1B-4079-9742-8967122D5148}
		{02171526-3A5F-4614-A15D-97F511A1B6E3} = {CE71C81D-9B1B-4079-9742-8967122D5148}
		{A101E612-3A60-40B4-990D-CDCDB07545DF} = {CE71C81D-9B1B-4079-9742-8967122D5148}
		{5FB6623F-3473-4E2F-AD83-F9AF04A35DA0} = {CE71C81D-9B1B-4079-9742-8967122D5148}
		{55353241-69B0-4448-9CAC-3C1C01C67183} = {CE71C81D-9B1B-4079-9742-8967122D5148}
		{4239D4B1-19CA-45F3-9008-110EB6F937E9} = {CE71C81D-9B1B-4079-9742-8967122D5148}
		{51AB6690-B8B2-46C5-8CE4-53622EBE7833} = {CE71C81D-9B1B-4079-9742-8967122D5148}
		{1031E765-7532-490D-AB6A-0379EBB83D6A} = {CE71C81D-9B1B-4079-9742-8967122D5148}
		{CFBF8065-6EA0-4562-B372-2C6B469ABEFC} = {CE71C81D-9B1B-4079-9742-8967122D5148}
		{E29C8969-BBE7-4DA6-8E3D-1EC861A8F989} = {CE71C81D-9B1B-4079-9742-8967122D5148}
		{AA2E4D62-2273-4DC3-A088-A8D43E791321} = {CE71C81D-9B1B-4079-9742-8967122D5148}
		{640600ED-C275-4099-A8B1-9FF59AD9E227} = {CE71C81D-9B1B-4079-9742-8967122D5148}
		{0BED08D5-C158-4404-9718-E72487906455} = {CE71C81D-9B1B-4079-9742-8967122D5148}
		{E9324A8A-514B-4753-856D-7DB001D4E095} = {CE71C81D-9B1B-4079-9742-8967122D5148}
		{26AC7AF4-6013-4AD7-87F7-BD71D8AED2E4} = {CE71C81D-9B1B-4079-9742-8967122D5148}
		{71692131-9D9B-4E2A-B544-638A4FC81A86} = {9F410AEB-1A5F-4BB5-9983-C3796939CBD3}
		{F997B9D3-D4EE-4209-AFF8-B40EA8096C53} = {9F410AEB-1A5F-4BB5-9983-C3796939CBD3}
		{B73E12CB-DDB6-473B-9866-E3B09E3D1AC8} = {97A33476-AEFA-4CAB-A103-77975D96E221}
		{DA1D8181-52FE-4E11-8C56-ADC8F38CBF85} = {97A33476-AEFA-4CAB-A103-77975D96E221}
		{73024585-78C3-4063-9BB4-06C2B3328633} = {CE71C81D-9B1B-4079-9742-8967122D5148}
		{BC140B9D-1670-4AFC-BC95-A709AE9A3E9F} = {CE71C81D-9B1B-4079-9742-8967122D5148}
	EndGlobalSection
EndGlobal
