
Microsoft Visual Studio Solution File, Format Version 12.00
# Visual Studio 14
VisualStudioVersion = 14.0.25420.1
MinimumVisualStudioVersion = 10.0.40219.1
Project("{2150E333-8FDC-42A3-9474-1A3956D46DE8}") = "src", "src", "{CE71C81D-9B1B-4079-9742-8967122D5148}"
EndProject
Project("{2150E333-8FDC-42A3-9474-1A3956D46DE8}") = "Solution Items", "Solution Items", "{893BB993-FB46-4BCE-A233-AC5B4F078B8F}"
	ProjectSection(SolutionItems) = preProject
		global.json = global.json
	EndProjectSection
EndProject
Project("{8BB2217D-0F2D-49D1-97BC-3654ED321F3B}") = "MyCoreLib.Cache", "src\MyCoreLib.Cache\MyCoreLib.Cache.xproj", "{DD9ED38D-2B5C-4AC5-9971-4AC7B2ED9878}"
EndProject
Project("{8BB2217D-0F2D-49D1-97BC-3654ED321F3B}") = "MyCoreLib.Common", "src\MyCoreLib.Common\MyCoreLib.Common.xproj", "{2136B05D-C312-4E22-8594-0D67DAE3B707}"
EndProject
Project("{8BB2217D-0F2D-49D1-97BC-3654ED321F3B}") = "MyCoreLib.Data", "src\MyCoreLib.Data\MyCoreLib.Data.xproj", "{86FC7593-7537-43EF-A699-9F90D9866963}"
EndProject
Project("{8BB2217D-0F2D-49D1-97BC-3654ED321F3B}") = "MyCoreLib.UnitTest", "src\MyCoreLib.UnitTest\MyCoreLib.UnitTest.xproj", "{E29C8969-BBE7-4DA6-8E3D-1EC861A8F989}"
EndProject
Project("{8BB2217D-0F2D-49D1-97BC-3654ED321F3B}") = "MyCoreLib.BaseWeb", "src\MyCoreLib.BaseWeb\MyCoreLib.BaseWeb.xproj", "{52B5F16C-C2D2-4069-B38C-04CB19D6F43D}"
EndProject
Project("{8BB2217D-0F2D-49D1-97BC-3654ED321F3B}") = "MyCoreLib.IoC", "src\MyCoreLib.IOC\MyCoreLib.IoC.xproj", "{FDB827C5-1820-4661-A9D1-5CB88BFF0EF1}"
EndProject
Project("{8BB2217D-0F2D-49D1-97BC-3654ED321F3B}") = "MyCoreLib.DataTest", "src\MyCoreLib.DataTest\MyCoreLib.DataTest.xproj", "{B296C3C4-C713-4498-8AB1-730B2B9733AE}"
EndProject
Project("{8BB2217D-0F2D-49D1-97BC-3654ED321F3B}") = "MyCoreLib.IoCTest", "src\MyCoreLib.IoCTest\MyCoreLib.IoCTest.xproj", "{A106DBA2-B7EA-468D-9D49-58B8FC8358AF}"
EndProject
Global
	GlobalSection(SolutionConfigurationPlatforms) = preSolution
		Debug|Any CPU = Debug|Any CPU
		Release|Any CPU = Release|Any CPU
	EndGlobalSection
	GlobalSection(ProjectConfigurationPlatforms) = postSolution
		{DD9ED38D-2B5C-4AC5-9971-4AC7B2ED9878}.Debug|Any CPU.ActiveCfg = Debug|Any CPU
		{DD9ED38D-2B5C-4AC5-9971-4AC7B2ED9878}.Debug|Any CPU.Build.0 = Debug|Any CPU
		{DD9ED38D-2B5C-4AC5-9971-4AC7B2ED9878}.Release|Any CPU.ActiveCfg = Release|Any CPU
		{DD9ED38D-2B5C-4AC5-9971-4AC7B2ED9878}.Release|Any CPU.Build.0 = Release|Any CPU
		{2136B05D-C312-4E22-8594-0D67DAE3B707}.Debug|Any CPU.ActiveCfg = Debug|Any CPU
		{2136B05D-C312-4E22-8594-0D67DAE3B707}.Debug|Any CPU.Build.0 = Debug|Any CPU
		{2136B05D-C312-4E22-8594-0D67DAE3B707}.Release|Any CPU.ActiveCfg = Release|Any CPU
		{2136B05D-C312-4E22-8594-0D67DAE3B707}.Release|Any CPU.Build.0 = Release|Any CPU
		{86FC7593-7537-43EF-A699-9F90D9866963}.Debug|Any CPU.ActiveCfg = Debug|Any CPU
		{86FC7593-7537-43EF-A699-9F90D9866963}.Debug|Any CPU.Build.0 = Debug|Any CPU
		{86FC7593-7537-43EF-A699-9F90D9866963}.Release|Any CPU.ActiveCfg = Release|Any CPU
		{86FC7593-7537-43EF-A699-9F90D9866963}.Release|Any CPU.Build.0 = Release|Any CPU
		{E29C8969-BBE7-4DA6-8E3D-1EC861A8F989}.Debug|Any CPU.ActiveCfg = Debug|Any CPU
		{E29C8969-BBE7-4DA6-8E3D-1EC861A8F989}.Debug|Any CPU.Build.0 = Debug|Any CPU
		{E29C8969-BBE7-4DA6-8E3D-1EC861A8F989}.Release|Any CPU.ActiveCfg = Release|Any CPU
		{E29C8969-BBE7-4DA6-8E3D-1EC861A8F989}.Release|Any CPU.Build.0 = Release|Any CPU
		{52B5F16C-C2D2-4069-B38C-04CB19D6F43D}.Debug|Any CPU.ActiveCfg = Debug|Any CPU
		{52B5F16C-C2D2-4069-B38C-04CB19D6F43D}.Debug|Any CPU.Build.0 = Debug|Any CPU
		{52B5F16C-C2D2-4069-B38C-04CB19D6F43D}.Release|Any CPU.ActiveCfg = Release|Any CPU
		{52B5F16C-C2D2-4069-B38C-04CB19D6F43D}.Release|Any CPU.Build.0 = Release|Any CPU
		{FDB827C5-1820-4661-A9D1-5CB88BFF0EF1}.Debug|Any CPU.ActiveCfg = Debug|Any CPU
		{FDB827C5-1820-4661-A9D1-5CB88BFF0EF1}.Debug|Any CPU.Build.0 = Debug|Any CPU
		{FDB827C5-1820-4661-A9D1-5CB88BFF0EF1}.Release|Any CPU.ActiveCfg = Release|Any CPU
		{FDB827C5-1820-4661-A9D1-5CB88BFF0EF1}.Release|Any CPU.Build.0 = Release|Any CPU
		{B296C3C4-C713-4498-8AB1-730B2B9733AE}.Debug|Any CPU.ActiveCfg = Debug|Any CPU
		{B296C3C4-C713-4498-8AB1-730B2B9733AE}.Debug|Any CPU.Build.0 = Debug|Any CPU
		{B296C3C4-C713-4498-8AB1-730B2B9733AE}.Release|Any CPU.ActiveCfg = Release|Any CPU
		{B296C3C4-C713-4498-8AB1-730B2B9733AE}.Release|Any CPU.Build.0 = Release|Any CPU
		{A106DBA2-B7EA-468D-9D49-58B8FC8358AF}.Debug|Any CPU.ActiveCfg = Debug|Any CPU
		{A106DBA2-B7EA-468D-9D49-58B8FC8358AF}.Debug|Any CPU.Build.0 = Debug|Any CPU
		{A106DBA2-B7EA-468D-9D49-58B8FC8358AF}.Release|Any CPU.ActiveCfg = Release|Any CPU
		{A106DBA2-B7EA-468D-9D49-58B8FC8358AF}.Release|Any CPU.Build.0 = Release|Any CPU
	EndGlobalSection
	GlobalSection(SolutionProperties) = preSolution
		HideSolutionNode = FALSE
	EndGlobalSection
	GlobalSection(NestedProjects) = preSolution
		{DD9ED38D-2B5C-4AC5-9971-4AC7B2ED9878} = {CE71C81D-9B1B-4079-9742-8967122D5148}
		{2136B05D-C312-4E22-8594-0D67DAE3B707} = {CE71C81D-9B1B-4079-9742-8967122D5148}
		{86FC7593-7537-43EF-A699-9F90D9866963} = {CE71C81D-9B1B-4079-9742-8967122D5148}
		{E29C8969-BBE7-4DA6-8E3D-1EC861A8F989} = {CE71C81D-9B1B-4079-9742-8967122D5148}
		{52B5F16C-C2D2-4069-B38C-04CB19D6F43D} = {CE71C81D-9B1B-4079-9742-8967122D5148}
		{FDB827C5-1820-4661-A9D1-5CB88BFF0EF1} = {CE71C81D-9B1B-4079-9742-8967122D5148}
		{B296C3C4-C713-4498-8AB1-730B2B9733AE} = {CE71C81D-9B1B-4079-9742-8967122D5148}
		{A106DBA2-B7EA-468D-9D49-58B8FC8358AF} = {CE71C81D-9B1B-4079-9742-8967122D5148}
	EndGlobalSection
EndGlobal
